PODS:
  - Kingfisher (2.6.0)
  - Mockingjay (1.3.1):
    - Mockingjay/Core (= 1.3.1)
    - Mockingjay/XCTest (= 1.3.1)
  - Mockingjay/Core (1.3.1):
    - URITemplate (~> 1.3)
  - Mockingjay/XCTest (1.3.1):
    - Mockingjay/Core
  - Nimble (3.2.0)
  - Quick (0.8.0)
  - ReactiveCocoa (4.2.2):
    - Result (~> 2.0)
  - Result (2.1.3)
  - Reusable (2.5.0):
    - Reusable/Storyboard (= 2.5.0)
    - Reusable/View (= 2.5.0)
  - Reusable/Storyboard (2.5.0)
  - Reusable/View (2.5.0)
  - SwiftyJSON (2.3.3)
  - URITemplate (1.4.0)
  - YoutubeEngine (0.1.2):
    - ReactiveCocoa (~> 4.2.0)
    - SwiftyJSON (~> 2.3.0)

DEPENDENCIES:
  - Kingfisher (= 2.6.0)
  - Mockingjay
  - Nimble (~> 3.0)
  - Quick (~> 0.8.0)
  - Reusable
  - YoutubeEngine (from `../`)

EXTERNAL SOURCES:
  YoutubeEngine:
    :path: ../

SPEC CHECKSUMS:
  Kingfisher: d84c5fd176ea86cc7b8aac65fd55feda6f70f130
  Mockingjay: e6ffe6106591d2555025842b1b655decc124f0ca
  Nimble: 703854335d181df169bbca9c97117b5cf8c47c1d
  Quick: 563d0f6ec5f72e394645adb377708639b7dd38ab
  ReactiveCocoa: 72263e7ac0770c274617ccd345e01049d0ca38ae
  Result: 18e1a7597fbcca5923c565b40a25a98afafdee02
  Reusable: 1775ede04719c488bb04e809d923cbb7214168b8
  SwiftyJSON: 0fd0a115a3c0c09b277d2ab801df154902b942c3
  URITemplate: e2a2a0f9d398834fde67214b491c2c925c9baa06
  YoutubeEngine: 05aee3b90e62135bf2df3ef0b64c67f0ba50a5f1

PODFILE CHECKSUM: 97ab6d9b1f96466355a02911334b42e0ac0186a5

COCOAPODS: 1.1.1
