PODS:
  - Kingfisher (3.1.4)
  - Nimble (5.1.1)
  - OHHTTPStubs/Core (5.2.2)
  - OHHTTPStubs/NSURLSession (5.2.2):
    - OHHTTPStubs/Core
  - OHHTTPStubs/Swift (5.2.2):
    - OHHTTPStubs/Core
  - Quick (0.10.0)
  - ReactiveSwift (1.0.0):
    - Result (~> 3.1)
  - Result (3.1.0)
  - SwiftyJSON (3.1.1)
  - YoutubeEngine (0.1.0):
    - ReactiveSwift
    - SwiftyJSON (~> 3.0)

DEPENDENCIES:
  - Kingfisher (~> 3.0)
  - Nimble (~> 5.0)
  - OHHTTPStubs/NSURLSession
  - OHHTTPStubs/Swift
  - Quick (~> 0.10)
  - ReactiveSwift (~> 1.0)
  - SwiftyJSON (~> 3.0)
  - YoutubeEngine (from `../`)

EXTERNAL SOURCES:
  YoutubeEngine:
    :path: ../

SPEC CHECKSUMS:
  Kingfisher: 6c67e3e57f2d81a9cfdfa25052cd86f33ceac9bb
  Nimble: 415e3aa3267e7bc2c96b05fa814ddea7bb686a29
  OHHTTPStubs: 34d9d0994e64fcf8552dbfade5ce82ada913ee31
  Quick: 5d290df1c69d5ee2f0729956dcf0fd9a30447eaa
  ReactiveSwift: f391724ee318a2cfd3e37dfb041cd49ecf4e7869
  Result: 4e3ed5995ed94d0cd6a09be9a431fce3f3624bbf
  SwiftyJSON: f0be2e604f83e8405a624e9f891898bf6ed4e019
  YoutubeEngine: 16624a4a780d429ab92550af331e52bed8ee30f3

PODFILE CHECKSUM: 0cdc458f9274a6df19e270be1efc8fddc4b63467

COCOAPODS: 1.1.1
