PODS:
  - Kingfisher (5.13.4):
    - Kingfisher/Core (= 5.13.4)
  - Kingfisher/Core (5.13.4)
  - Nimble (8.0.7)
  - OHHTTPStubs/Core (9.0.0)
  - OHHTTPStubs/Default (9.0.0):
    - OHHTTPStubs/Core
    - OHHTTPStubs/JSON
    - OHHTTPStubs/NSURLSession
    - OHHTTPStubs/OHPathHelpers
  - OHHTTPStubs/JSON (9.0.0):
    - OHHTTPStubs/Core
  - OHHTTPStubs/NSURLSession (9.0.0):
    - OHHTTPStubs/Core
  - OHHTTPStubs/OHPathHelpers (9.0.0)
  - OHHTTPStubs/Swift (9.0.0):
    - OHHTTPStubs/Default
  - ReactiveSwift (6.2.1)
  - YoutubeEngine (0.3.1):
    - ReactiveSwift (~> 6.0)

DEPENDENCIES:
  - Kingfisher (~> 5.0)
  - Nimble (~> 8.0)
  - OHHTTPStubs/NSURLSession (~> 9.0)
  - OHHTTPStubs/Swift (~> 9.0)
  - ReactiveSwift
  - YoutubeEngine (from `../`)

SPEC REPOS:
  trunk:
    - Kingfisher
    - Nimble
    - OHHTTPStubs
    - ReactiveSwift

EXTERNAL SOURCES:
  YoutubeEngine:
    :path: "../"

SPEC CHECKSUMS:
  Kingfisher: d2279a7abece3c7f25a80cd2b7f363ca5cf3f44c
  Nimble: a73af6ecd4c9106f434f3d55fc54570be3739e0b
  OHHTTPStubs: cb29d2a9d09a828ecb93349a2b0c64f99e0db89f
  ReactiveSwift: 07ddf579f4eb3ee3bd656214f0461aaf2c0fd639
  YoutubeEngine: ca833a9877fde021078e5b7cd1c6e5fe4698c833

PODFILE CHECKSUM: ac3a8c1e127531bec2dfdcdd21fbf8645ed37d17

COCOAPODS: 1.9.1
